{
  "version": 4,
  "terraform_version": "1.15.1",
  "serial": 13,
  "lineage": "775a855d-6934-b110-c8ab-0cc15c3479c0",
  "outputs": {
    "artifacts_bucket_name": {
      "value": "fondixpay-dev-artifacts-151567229153",
      "type": "string"
    },
    "backend_log_group_name": {
      "value": "/fondixpay/dev/backend",
      "type": "string"
    },
    "budget_name": {
      "value": "fondixpay-dev-monthly-cost-budget",
      "type": "string"
    },
    "public_subnet_id": {
      "value": "subnet-0c925adc282157979",
      "type": "string"
    },
    "vpc_id": {
      "value": "vpc-0a2c54cbe54d07858",
      "type": "string"
    }
  },
  "resources": [
    {
      "module": "module.budget",
      "mode": "managed",
      "type": "aws_budgets_budget",
      "name": "monthly_cost",
      "provider": "provider[\"registry.terraform.io/hashicorp/aws\"]",
      "instances": [
        {
          "schema_version": 0,
          "attributes": {
            "account_id": "151567229153",
            "arn": "arn:aws:budgets::151567229153:budget/fondixpay-dev-monthly-cost-budget",
            "auto_adjust_data": [],
            "budget_type": "COST",
            "cost_filter": [
              {
                "name": "TagKeyValue",
                "values": [
                  "Project$FondixPay"
                ]
              }
            ],
            "cost_types": [
              {
                "include_credit": true,
                "include_discount": true,
                "include_other_subscription": true,
                "include_recurring": true,
                "include_refund": true,
                "include_subscription": true,
                "include_support": true,
                "include_tax": true,
                "include_upfront": true,
                "use_amortized": false,
                "use_blended": false
              }
            ],
            "id": "151567229153:fondixpay-dev-monthly-cost-budget",
            "limit_amount": "50.0",
            "limit_unit": "USD",
            "name": "fondixpay-dev-monthly-cost-budget",
            "name_prefix": "",
            "notification": [
              {
                "comparison_operator": "GREATER_THAN",
                "notification_type": "ACTUAL",
                "subscriber_email_addresses": [
                  "kuellarfer@gmail.com"
                ],
                "subscriber_sns_topic_arns": [],
                "threshold": 100,
                "threshold_type": "PERCENTAGE"
              },
              {
                "comparison_operator": "GREATER_THAN",
                "notification_type": "ACTUAL",
                "subscriber_email_addresses": [
                  "kuellarfer@gmail.com"
                ],
                "subscriber_sns_topic_arns": [],
                "threshold": 40,
                "threshold_type": "PERCENTAGE"
              },
              {
                "comparison_operator": "GREATER_THAN",
                "notification_type": "ACTUAL",
                "subscriber_email_addresses": [
                  "kuellarfer@gmail.com"
                ],
                "subscriber_sns_topic_arns": [],
                "threshold": 60,
                "threshold_type": "PERCENTAGE"
              }
            ],
            "planned_limit": [],
            "tags": {
              "CostControl": "strict",
              "Environment": "dev",
              "ManagedBy": "Terraform",
              "Owner": "NorthboundFinOps",
              "Project": "FondixPay"
            },
            "tags_all": {
              "CostControl": "strict",
              "Environment": "dev",
              "ManagedBy": "Terraform",
              "Owner": "NorthboundFinOps",
              "Project": "FondixPay"
            },
            "time_period_end": "2087-06-15_00:00",
            "time_period_start": "2026-05-01_00:00",
            "time_unit": "MONTHLY"
          },
          "sensitive_attributes": [],
          "identity_schema_version": 0,
          "private": "bnVsbA=="
        }
      ]
    },
    {
      "module": "module.compute",
      "mode": "managed",
      "type": "aws_cloudwatch_log_group",
      "name": "backend",
      "provider": "provider[\"registry.terraform.io/hashicorp/aws\"]",
      "instances": [
        {
          "schema_version": 0,
          "attributes": {
            "arn": "arn:aws:logs:us-east-1:151567229153:log-group:/fondixpay/dev/backend",
            "id": "/fondixpay/dev/backend",
            "kms_key_id": "",
            "log_group_class": "STANDARD",
            "name": "/fondixpay/dev/backend",
            "name_prefix": "",
            "retention_in_days": 7,
            "skip_destroy": false,
            "tags": {
              "CostControl": "strict",
              "Environment": "dev",
              "ManagedBy": "Terraform",
              "Name": "fondixpay-dev-backend-logs",
              "Owner": "NorthboundFinOps",
              "Project": "FondixPay"
            },
            "tags_all": {
              "CostControl": "strict",
              "Environment": "dev",
              "ManagedBy": "Terraform",
              "Name": "fondixpay-dev-backend-logs",
              "Owner": "NorthboundFinOps",
              "Project": "FondixPay"
            }
          },
          "sensitive_attributes": [],
          "identity_schema_version": 0,
          "private": "bnVsbA=="
        }
      ]
    },
    {
      "module": "module.network",
      "mode": "managed",
      "type": "aws_internet_gateway",
      "name": "this",
      "provider": "provider[\"registry.terraform.io/hashicorp/aws\"]",
      "instances": [
        {
          "schema_version": 0,
          "attributes": {
            "arn": "arn:aws:ec2:us-east-1:151567229153:internet-gateway/igw-059e505fa6c7869b3",
            "id": "igw-059e505fa6c7869b3",
            "owner_id": "151567229153",
            "tags": {
              "CostControl": "strict",
              "Environment": "dev",
              "ManagedBy": "Terraform",
              "Name": "fondixpay-dev-igw",
              "Owner": "NorthboundFinOps",
              "Project": "FondixPay"
            },
            "tags_all": {
              "CostControl": "strict",
              "Environment": "dev",
              "ManagedBy": "Terraform",
              "Name": "fondixpay-dev-igw",
              "Owner": "NorthboundFinOps",
              "Project": "FondixPay"
            },
            "timeouts": null,
            "vpc_id": "vpc-0a2c54cbe54d07858"
          },
          "sensitive_attributes": [],
          "identity_schema_version": 0,
          "private": "eyJlMmJmYjczMC1lY2FhLTExZTYtOGY4OC0zNDM2M2JjN2M0YzAiOnsiY3JlYXRlIjoxMjAwMDAwMDAwMDAwLCJkZWxldGUiOjEyMDAwMDAwMDAwMDAsInVwZGF0ZSI6MTIwMDAwMDAwMDAwMH19",
          "dependencies": [
            "module.network.aws_vpc.this"
          ]
        }
      ]
    },
    {
      "module": "module.network",
      "mode": "managed",
      "type": "aws_route_table",
      "name": "public",
      "provider": "provider[\"registry.terraform.io/hashicorp/aws\"]",
      "instances": [
        {
          "schema_version": 0,
          "attributes": {
            "arn": "arn:aws:ec2:us-east-1:151567229153:route-table/rtb-0b3241864c45b94e2",
            "id": "rtb-0b3241864c45b94e2",
            "owner_id": "151567229153",
            "propagating_vgws": [],
            "route": [
              {
                "carrier_gateway_id": "",
                "cidr_block": "0.0.0.0/0",
                "core_network_arn": "",
                "destination_prefix_list_id": "",
                "egress_only_gateway_id": "",
                "gateway_id": "igw-059e505fa6c7869b3",
                "ipv6_cidr_block": "",
                "local_gateway_id": "",
                "nat_gateway_id": "",
                "network_interface_id": "",
                "transit_gateway_id": "",
                "vpc_endpoint_id": "",
                "vpc_peering_connection_id": ""
              }
            ],
            "tags": {
              "CostControl": "strict",
              "Environment": "dev",
              "ManagedBy": "Terraform",
              "Name": "fondixpay-dev-public-rt",
              "Owner": "NorthboundFinOps",
              "Project": "FondixPay"
            },
            "tags_all": {
              "CostControl": "strict",
              "Environment": "dev",
              "ManagedBy": "Terraform",
              "Name": "fondixpay-dev-public-rt",
              "Owner": "NorthboundFinOps",
              "Project": "FondixPay"
            },
            "timeouts": null,
            "vpc_id": "vpc-0a2c54cbe54d07858"
          },
          "sensitive_attributes": [],
          "identity_schema_version": 0,
          "private": "eyJlMmJmYjczMC1lY2FhLTExZTYtOGY4OC0zNDM2M2JjN2M0YzAiOnsiY3JlYXRlIjozMDAwMDAwMDAwMDAsImRlbGV0ZSI6MzAwMDAwMDAwMDAwLCJ1cGRhdGUiOjEyMDAwMDAwMDAwMH19",
          "dependencies": [
            "module.network.aws_internet_gateway.this",
            "module.network.aws_vpc.this"
          ]
        }
      ]
    },
    {
      "module": "module.network",
      "mode": "managed",
      "type": "aws_route_table_association",
      "name": "public",
      "provider": "provider[\"registry.terraform.io/hashicorp/aws\"]",
      "instances": [
        {
          "schema_version": 0,
          "attributes": {
            "gateway_id": "",
            "id": "rtbassoc-0672a02fe04b39fc5",
            "route_table_id": "rtb-0b3241864c45b94e2",
            "subnet_id": "subnet-0c925adc282157979",
            "timeouts": null
          },
          "sensitive_attributes": [],
          "identity_schema_version": 0,
          "private": "eyJlMmJmYjczMC1lY2FhLTExZTYtOGY4OC0zNDM2M2JjN2M0YzAiOnsiY3JlYXRlIjozMDAwMDAwMDAwMDAsImRlbGV0ZSI6MzAwMDAwMDAwMDAwLCJ1cGRhdGUiOjEyMDAwMDAwMDAwMH19",
          "dependencies": [
            "module.network.aws_internet_gateway.this",
            "module.network.aws_route_table.public",
            "module.network.aws_subnet.public",
            "module.network.aws_vpc.this"
          ]
        }
      ]
    },
    {
      "module": "module.network",
      "mode": "managed",
      "type": "aws_subnet",
      "name": "public",
      "provider": "provider[\"registry.terraform.io/hashicorp/aws\"]",
      "instances": [
        {
          "schema_version": 1,
          "attributes": {
            "arn": "arn:aws:ec2:us-east-1:151567229153:subnet/subnet-0c925adc282157979",
            "assign_ipv6_address_on_creation": false,
            "availability_zone": "us-east-1a",
            "availability_zone_id": "use1-az1",
            "cidr_block": "10.42.1.0/24",
            "customer_owned_ipv4_pool": "",
            "enable_dns64": false,
            "enable_lni_at_device_index": 0,
            "enable_resource_name_dns_a_record_on_launch": false,
            "enable_resource_name_dns_aaaa_record_on_launch": false,
            "id": "subnet-0c925adc282157979",
            "ipv6_cidr_block": "",
            "ipv6_cidr_block_association_id": "",
            "ipv6_native": false,
            "map_customer_owned_ip_on_launch": false,
            "map_public_ip_on_launch": true,
            "outpost_arn": "",
            "owner_id": "151567229153",
            "private_dns_hostname_type_on_launch": "ip-name",
            "tags": {
              "CostControl": "strict",
              "Environment": "dev",
              "ManagedBy": "Terraform",
              "Name": "fondixpay-dev-public-a",
              "Owner": "NorthboundFinOps",
              "Project": "FondixPay",
              "Tier": "public"
            },
            "tags_all": {
              "CostControl": "strict",
              "Environment": "dev",
              "ManagedBy": "Terraform",
              "Name": "fondixpay-dev-public-a",
              "Owner": "NorthboundFinOps",
              "Project": "FondixPay",
              "Tier": "public"
            },
            "timeouts": null,
            "vpc_id": "vpc-0a2c54cbe54d07858"
          },
          "sensitive_attributes": [],
          "identity_schema_version": 0,
          "private": "eyJlMmJmYjczMC1lY2FhLTExZTYtOGY4OC0zNDM2M2JjN2M0YzAiOnsiY3JlYXRlIjo2MDAwMDAwMDAwMDAsImRlbGV0ZSI6MTIwMDAwMDAwMDAwMH0sInNjaGVtYV92ZXJzaW9uIjoiMSJ9",
          "dependencies": [
            "module.network.aws_vpc.this"
          ]
        }
      ]
    },
    {
      "module": "module.network",
      "mode": "managed",
      "type": "aws_vpc",
      "name": "this",
      "provider": "provider[\"registry.terraform.io/hashicorp/aws\"]",
      "instances": [
        {
          "schema_version": 1,
          "attributes": {
            "arn": "arn:aws:ec2:us-east-1:151567229153:vpc/vpc-0a2c54cbe54d07858",
            "assign_generated_ipv6_cidr_block": false,
            "cidr_block": "10.42.0.0/16",
            "default_network_acl_id": "acl-0ce95a3659cb08a20",
            "default_route_table_id": "rtb-0ef73fca8f68f7069",
            "default_security_group_id": "sg-02ff066b3df880594",
            "dhcp_options_id": "dopt-05b142178109dd8ac",
            "enable_dns_hostnames": true,
            "enable_dns_support": true,
            "enable_network_address_usage_metrics": false,
            "id": "vpc-0a2c54cbe54d07858",
            "instance_tenancy": "default",
            "ipv4_ipam_pool_id": null,
            "ipv4_netmask_length": null,
            "ipv6_association_id": "",
            "ipv6_cidr_block": "",
            "ipv6_cidr_block_network_border_group": "",
            "ipv6_ipam_pool_id": "",
            "ipv6_netmask_length": 0,
            "main_route_table_id": "rtb-0ef73fca8f68f7069",
            "owner_id": "151567229153",
            "tags": {
              "CostControl": "strict",
              "Environment": "dev",
              "ManagedBy": "Terraform",
              "Name": "fondixpay-dev-vpc",
              "Owner": "NorthboundFinOps",
              "Project": "FondixPay"
            },
            "tags_all": {
              "CostControl": "strict",
              "Environment": "dev",
              "ManagedBy": "Terraform",
              "Name": "fondixpay-dev-vpc",
              "Owner": "NorthboundFinOps",
              "Project": "FondixPay"
            }
          },
          "sensitive_attributes": [],
          "identity_schema_version": 0,
          "private": "eyJzY2hlbWFfdmVyc2lvbiI6IjEifQ=="
        }
      ]
    },
    {
      "module": "module.storage",
      "mode": "managed",
      "type": "aws_s3_bucket",
      "name": "artifacts",
      "provider": "provider[\"registry.terraform.io/hashicorp/aws\"]",
      "instances": [
        {
          "index_key": 0,
          "schema_version": 0,
          "attributes": {
            "acceleration_status": "",
            "acl": null,
            "arn": "arn:aws:s3:::fondixpay-dev-artifacts-151567229153",
            "bucket": "fondixpay-dev-artifacts-151567229153",
            "bucket_domain_name": "fondixpay-dev-artifacts-151567229153.s3.amazonaws.com",
            "bucket_prefix": "",
            "bucket_regional_domain_name": "fondixpay-dev-artifacts-151567229153.s3.us-east-1.amazonaws.com",
            "cors_rule": [],
            "force_destroy": false,
            "grant": [
              {
                "id": "056adcbe0583499ca00b571d753428727a032ca8025a40405d74264272747239",
                "permissions": [
                  "FULL_CONTROL"
                ],
                "type": "CanonicalUser",
                "uri": ""
              }
            ],
            "hosted_zone_id": "Z3AQBSTGFYJSTF",
            "id": "fondixpay-dev-artifacts-151567229153",
            "lifecycle_rule": [],
            "logging": [],
            "object_lock_configuration": [],
            "object_lock_enabled": false,
            "policy": "",
            "region": "us-east-1",
            "replication_configuration": [],
            "request_payer": "BucketOwner",
            "server_side_encryption_configuration": [
              {
                "rule": [
                  {
                    "apply_server_side_encryption_by_default": [
                      {
                        "kms_master_key_id": "",
                        "sse_algorithm": "AES256"
                      }
                    ],
                    "bucket_key_enabled": false
                  }
                ]
              }
            ],
            "tags": {
              "CostControl": "strict",
              "Environment": "dev",
              "ManagedBy": "Terraform",
              "Name": "fondixpay-dev-artifacts-151567229153",
              "Owner": "NorthboundFinOps",
              "Project": "FondixPay"
            },
            "tags_all": {
              "CostControl": "strict",
              "Environment": "dev",
              "ManagedBy": "Terraform",
              "Name": "fondixpay-dev-artifacts-151567229153",
              "Owner": "NorthboundFinOps",
              "Project": "FondixPay"
            },
            "timeouts": null,
            "versioning": [
              {
                "enabled": false,
                "mfa_delete": false
              }
            ],
            "website": [],
            "website_domain": null,
            "website_endpoint": null
          },
          "sensitive_attributes": [],
          "identity_schema_version": 0,
          "private": "eyJlMmJmYjczMC1lY2FhLTExZTYtOGY4OC0zNDM2M2JjN2M0YzAiOnsiY3JlYXRlIjoxMjAwMDAwMDAwMDAwLCJkZWxldGUiOjM2MDAwMDAwMDAwMDAsInJlYWQiOjEyMDAwMDAwMDAwMDAsInVwZGF0ZSI6MTIwMDAwMDAwMDAwMH19"
        }
      ]
    },
    {
      "module": "module.storage",
      "mode": "managed",
      "type": "aws_s3_bucket_lifecycle_configuration",
      "name": "artifacts",
      "provider": "provider[\"registry.terraform.io/hashicorp/aws\"]",
      "instances": [
        {
          "index_key": 0,
          "schema_version": 1,
          "attributes": {
            "bucket": "fondixpay-dev-artifacts-151567229153",
            "expected_bucket_owner": "",
            "id": "fondixpay-dev-artifacts-151567229153",
            "rule": [
              {
                "abort_incomplete_multipart_upload": [],
                "expiration": [
                  {
                    "date": null,
                    "days": 30,
                    "expired_object_delete_marker": false
                  }
                ],
                "filter": [
                  {
                    "and": [],
                    "object_size_greater_than": null,
                    "object_size_less_than": null,
                    "prefix": "",
                    "tag": []
                  }
                ],
                "id": "expire-dev-artifacts",
                "noncurrent_version_expiration": [
                  {
                    "newer_noncurrent_versions": null,
                    "noncurrent_days": 7
                  }
                ],
                "noncurrent_version_transition": [],
                "prefix": "",
                "status": "Enabled",
                "transition": []
              }
            ],
            "timeouts": null,
            "transition_default_minimum_object_size": "all_storage_classes_128K"
          },
          "sensitive_attributes": [],
          "identity_schema_version": 0,
          "dependencies": [
            "module.storage.aws_s3_bucket.artifacts"
          ]
        }
      ]
    },
    {
      "module": "module.storage",
      "mode": "managed",
      "type": "aws_s3_bucket_public_access_block",
      "name": "artifacts",
      "provider": "provider[\"registry.terraform.io/hashicorp/aws\"]",
      "instances": [
        {
          "index_key": 0,
          "schema_version": 0,
          "attributes": {
            "block_public_acls": true,
            "block_public_policy": true,
            "bucket": "fondixpay-dev-artifacts-151567229153",
            "id": "fondixpay-dev-artifacts-151567229153",
            "ignore_public_acls": true,
            "restrict_public_buckets": true
          },
          "sensitive_attributes": [],
          "identity_schema_version": 0,
          "private": "bnVsbA==",
          "dependencies": [
            "module.storage.aws_s3_bucket.artifacts"
          ]
        }
      ]
    },
    {
      "module": "module.storage",
      "mode": "managed",
      "type": "aws_s3_bucket_server_side_encryption_configuration",
      "name": "artifacts",
      "provider": "provider[\"registry.terraform.io/hashicorp/aws\"]",
      "instances": [
        {
          "index_key": 0,
          "schema_version": 0,
          "attributes": {
            "bucket": "fondixpay-dev-artifacts-151567229153",
            "expected_bucket_owner": "",
            "id": "fondixpay-dev-artifacts-151567229153",
            "rule": [
              {
                "apply_server_side_encryption_by_default": [
                  {
                    "kms_master_key_id": "",
                    "sse_algorithm": "AES256"
                  }
                ],
                "bucket_key_enabled": null
              }
            ]
          },
          "sensitive_attributes": [],
          "identity_schema_version": 0,
          "private": "bnVsbA==",
          "dependencies": [
            "module.storage.aws_s3_bucket.artifacts"
          ]
        }
      ]
    },
    {
      "module": "module.storage",
      "mode": "managed",
      "type": "aws_s3_bucket_versioning",
      "name": "artifacts",
      "provider": "provider[\"registry.terraform.io/hashicorp/aws\"]",
      "instances": [
        {
          "index_key": 0,
          "schema_version": 0,
          "attributes": {
            "bucket": "fondixpay-dev-artifacts-151567229153",
            "expected_bucket_owner": "",
            "id": "fondixpay-dev-artifacts-151567229153",
            "mfa": null,
            "versioning_configuration": [
              {
                "mfa_delete": "",
                "status": "Enabled"
              }
            ]
          },
          "sensitive_attributes": [],
          "identity_schema_version": 0,
          "private": "bnVsbA==",
          "dependencies": [
            "module.storage.aws_s3_bucket.artifacts"
          ]
        }
      ]
    }
  ],
  "check_results": [
    {
      "object_kind": "var",
      "config_addr": "module.compute.var.log_retention_days",
      "status": "pass",
      "objects": [
        {
          "object_addr": "module.compute.var.log_retention_days",
          "status": "pass"
        }
      ]
    },
    {
      "object_kind": "var",
      "config_addr": "module.compute.var.cpu_architecture",
      "status": "pass",
      "objects": [
        {
          "object_addr": "module.compute.var.cpu_architecture",
          "status": "pass"
        }
      ]
    },
    {
      "object_kind": "var",
      "config_addr": "module.budget.var.alert_emails",
      "status": "pass",
      "objects": [
        {
          "object_addr": "module.budget.var.alert_emails",
          "status": "pass"
        }
      ]
    },
    {
      "object_kind": "var",
      "config_addr": "var.environment",
      "status": "pass",
      "objects": [
        {
          "object_addr": "var.environment",
          "status": "pass"
        }
      ]
    }
  ]
}
